
Microsoft Visual Studio Solution File, Format Version 12.00
# Visual Studio Version 16
VisualStudioVersion = 16.0.28803.352
MinimumVisualStudioVersion = 10.0.40219.1
Project("{9A19103F-16F7-4668-BE54-9A1E7A4F7556}") = "SiteServer.Utils", "src\SiteServer.Utils\SiteServer.Utils.csproj", "{63A90CFA-70FF-4E61-B599-8DE142863590}"
EndProject
Project("{9A19103F-16F7-4668-BE54-9A1E7A4F7556}") = "SiteServer.Utils.Tests", "tests\SiteServer.Utils.Tests\SiteServer.Utils.Tests.csproj", "{1D51BB7C-3301-40DB-A77A-303AEBECDD7B}"
EndProject
Project("{9A19103F-16F7-4668-BE54-9A1E7A4F7556}") = "SiteServer.CMS", "src\SiteServer.CMS\SiteServer.CMS.csproj", "{D1DAA16E-32A8-4BA1-98CA-AFC695CA0F57}"
EndProject
Project("{9A19103F-16F7-4668-BE54-9A1E7A4F7556}") = "SiteServer.CMS.Tests", "tests\SiteServer.CMS.Tests\SiteServer.CMS.Tests.csproj", "{75FAAF29-2340-4EBD-A4DF-A2CC7CE61EDC}"
EndProject
Project("{9A19103F-16F7-4668-BE54-9A1E7A4F7556}") = "SiteServer.Cli", "src\SiteServer.Cli\SiteServer.Cli.csproj", "{209B8F47-06D4-42FC-9612-4ADDEFC16590}"
EndProject
Project("{FAE04EC0-301F-11D3-BF4B-00C04F79EFBC}") = "SiteServer.Cli.Net46", "src\SiteServer.Cli.Net46\SiteServer.Cli.Net46.csproj", "{A7E4D925-AACF-4782-8B9A-C10B9F527A0C}"
EndProject
Project("{9A19103F-16F7-4668-BE54-9A1E7A4F7556}") = "SiteServer.BackgroundPages.Net46", "src\SiteServer.BackgroundPages.Net46\SiteServer.BackgroundPages.Net46.csproj", "{E533A83C-C67B-4049-ACC0-190411EBE212}"
EndProject
Project("{FAE04EC0-301F-11D3-BF4B-00C04F79EFBC}") = "SiteServer.API.Net46", "src\SiteServer.API.Net46\SiteServer.API.Net46.csproj", "{69C00F60-F28A-4CBC-B1A4-2DB73BB97471}"
EndProject
Project("{2150E333-8FDC-42A3-9474-1A3956D46DE8}") = "src", "src", "{CA84A415-DF00-4499-A537-3BD3F0A7588D}"
EndProject
Project("{2150E333-8FDC-42A3-9474-1A3956D46DE8}") = "tests", "tests", "{DBF48143-87FE-456A-98DE-13A7E2154B33}"
EndProject
Project("{2150E333-8FDC-42A3-9474-1A3956D46DE8}") = "Solution Items", "Solution Items", "{2665ABBF-D294-487E-A9AD-A9BA4B75CB30}"
	ProjectSection(SolutionItems) = preProject
		.gitattributes = .gitattributes
		.gitignore = .gitignore
		appveyor.yml = appveyor.yml
		azure-pipelines.yml = azure-pipelines.yml
		Dockerfile = Dockerfile
		Dockerfile.ps1 = Dockerfile.ps1
		gulpfile.js = gulpfile.js
		LICENSE = LICENSE
		package.json = package.json
		README.md = README.md
		SS.CMS.nuspec = SS.CMS.nuspec
	EndProjectSection
EndProject
Project("{9A19103F-16F7-4668-BE54-9A1E7A4F7556}") = "SiteServer.API", "src\SiteServer.API\SiteServer.API.csproj", "{A6991D56-9181-4F6B-A619-2CE66E86D887}"
EndProject
Global
	GlobalSection(SolutionConfigurationPlatforms) = preSolution
		Debug|Any CPU = Debug|Any CPU
		Release|Any CPU = Release|Any CPU
	EndGlobalSection
	GlobalSection(ProjectConfigurationPlatforms) = postSolution
		{63A90CFA-70FF-4E61-B599-8DE142863590}.Debug|Any CPU.ActiveCfg = Debug|Any CPU
		{63A90CFA-70FF-4E61-B599-8DE142863590}.Debug|Any CPU.Build.0 = Debug|Any CPU
		{63A90CFA-70FF-4E61-B599-8DE142863590}.Release|Any CPU.ActiveCfg = Release|Any CPU
		{63A90CFA-70FF-4E61-B599-8DE142863590}.Release|Any CPU.Build.0 = Release|Any CPU
		{1D51BB7C-3301-40DB-A77A-303AEBECDD7B}.Debug|Any CPU.ActiveCfg = Debug|Any CPU
		{1D51BB7C-3301-40DB-A77A-303AEBECDD7B}.Debug|Any CPU.Build.0 = Debug|Any CPU
		{1D51BB7C-3301-40DB-A77A-303AEBECDD7B}.Release|Any CPU.ActiveCfg = Release|Any CPU
		{1D51BB7C-3301-40DB-A77A-303AEBECDD7B}.Release|Any CPU.Build.0 = Release|Any CPU
		{D1DAA16E-32A8-4BA1-98CA-AFC695CA0F57}.Debug|Any CPU.ActiveCfg = Debug|Any CPU
		{D1DAA16E-32A8-4BA1-98CA-AFC695CA0F57}.Debug|Any CPU.Build.0 = Debug|Any CPU
		{D1DAA16E-32A8-4BA1-98CA-AFC695CA0F57}.Release|Any CPU.ActiveCfg = Release|Any CPU
		{D1DAA16E-32A8-4BA1-98CA-AFC695CA0F57}.Release|Any CPU.Build.0 = Release|Any CPU
		{75FAAF29-2340-4EBD-A4DF-A2CC7CE61EDC}.Debug|Any CPU.ActiveCfg = Debug|Any CPU
		{75FAAF29-2340-4EBD-A4DF-A2CC7CE61EDC}.Debug|Any CPU.Build.0 = Debug|Any CPU
		{75FAAF29-2340-4EBD-A4DF-A2CC7CE61EDC}.Release|Any CPU.ActiveCfg = Release|Any CPU
		{75FAAF29-2340-4EBD-A4DF-A2CC7CE61EDC}.Release|Any CPU.Build.0 = Release|Any CPU
		{209B8F47-06D4-42FC-9612-4ADDEFC16590}.Debug|Any CPU.ActiveCfg = Debug|Any CPU
		{209B8F47-06D4-42FC-9612-4ADDEFC16590}.Debug|Any CPU.Build.0 = Debug|Any CPU
		{209B8F47-06D4-42FC-9612-4ADDEFC16590}.Release|Any CPU.ActiveCfg = Release|Any CPU
		{209B8F47-06D4-42FC-9612-4ADDEFC16590}.Release|Any CPU.Build.0 = Release|Any CPU
		{A7E4D925-AACF-4782-8B9A-C10B9F527A0C}.Debug|Any CPU.ActiveCfg = Debug|Any CPU
		{A7E4D925-AACF-4782-8B9A-C10B9F527A0C}.Debug|Any CPU.Build.0 = Debug|Any CPU
		{A7E4D925-AACF-4782-8B9A-C10B9F527A0C}.Release|Any CPU.ActiveCfg = Release|Any CPU
		{A7E4D925-AACF-4782-8B9A-C10B9F527A0C}.Release|Any CPU.Build.0 = Release|Any CPU
		{E533A83C-C67B-4049-ACC0-190411EBE212}.Debug|Any CPU.ActiveCfg = Debug|Any CPU
		{E533A83C-C67B-4049-ACC0-190411EBE212}.Debug|Any CPU.Build.0 = Debug|Any CPU
		{E533A83C-C67B-4049-ACC0-190411EBE212}.Release|Any CPU.ActiveCfg = Release|Any CPU
		{E533A83C-C67B-4049-ACC0-190411EBE212}.Release|Any CPU.Build.0 = Release|Any CPU
		{69C00F60-F28A-4CBC-B1A4-2DB73BB97471}.Debug|Any CPU.ActiveCfg = Debug|Any CPU
		{69C00F60-F28A-4CBC-B1A4-2DB73BB97471}.Debug|Any CPU.Build.0 = Debug|Any CPU
		{69C00F60-F28A-4CBC-B1A4-2DB73BB97471}.Release|Any CPU.ActiveCfg = Release|Any CPU
		{69C00F60-F28A-4CBC-B1A4-2DB73BB97471}.Release|Any CPU.Build.0 = Release|Any CPU
		{A6991D56-9181-4F6B-A619-2CE66E86D887}.Debug|Any CPU.ActiveCfg = Debug|Any CPU
		{A6991D56-9181-4F6B-A619-2CE66E86D887}.Debug|Any CPU.Build.0 = Debug|Any CPU
		{A6991D56-9181-4F6B-A619-2CE66E86D887}.Release|Any CPU.ActiveCfg = Release|Any CPU
		{A6991D56-9181-4F6B-A619-2CE66E86D887}.Release|Any CPU.Build.0 = Release|Any CPU
	EndGlobalSection
	GlobalSection(SolutionProperties) = preSolution
		HideSolutionNode = FALSE
	EndGlobalSection
	GlobalSection(NestedProjects) = preSolution
		{63A90CFA-70FF-4E61-B599-8DE142863590} = {CA84A415-DF00-4499-A537-3BD3F0A7588D}
		{1D51BB7C-3301-40DB-A77A-303AEBECDD7B} = {DBF48143-87FE-456A-98DE-13A7E2154B33}
		{D1DAA16E-32A8-4BA1-98CA-AFC695CA0F57} = {CA84A415-DF00-4499-A537-3BD3F0A7588D}
		{75FAAF29-2340-4EBD-A4DF-A2CC7CE61EDC} = {DBF48143-87FE-456A-98DE-13A7E2154B33}
		{209B8F47-06D4-42FC-9612-4ADDEFC16590} = {CA84A415-DF00-4499-A537-3BD3F0A7588D}
		{A7E4D925-AACF-4782-8B9A-C10B9F527A0C} = {CA84A415-DF00-4499-A537-3BD3F0A7588D}
		{E533A83C-C67B-4049-ACC0-190411EBE212} = {CA84A415-DF00-4499-A537-3BD3F0A7588D}
		{69C00F60-F28A-4CBC-B1A4-2DB73BB97471} = {CA84A415-DF00-4499-A537-3BD3F0A7588D}
		{A6991D56-9181-4F6B-A619-2CE66E86D887} = {CA84A415-DF00-4499-A537-3BD3F0A7588D}
	EndGlobalSection
	GlobalSection(ExtensibilityGlobals) = postSolution
		SolutionGuid = {8990A474-798A-4121-A8AF-DBA1E78DB839}
	EndGlobalSection
EndGlobal
