
Microsoft Visual Studio Solution File, Format Version 12.00
# Visual Studio 15
VisualStudioVersion = 15.0.27130.2024
MinimumVisualStudioVersion = 10.0.40219.1
Project("{FAE04EC0-301F-11D3-BF4B-00C04F79EFBC}") = "SiteServer.Utils", "SiteServer.Utils\SiteServer.Utils.csproj", "{2176D8BA-5F57-4C56-8E21-A09011517AE2}"
EndProject
Project("{FAE04EC0-301F-11D3-BF4B-00C04F79EFBC}") = "SiteServer.CMS", "SiteServer.CMS\SiteServer.CMS.csproj", "{944127C3-915D-4F02-A534-64EC668C46EC}"
EndProject
Project("{FAE04EC0-301F-11D3-BF4B-00C04F79EFBC}") = "SiteServer.Cli", "SiteServer.Cli\SiteServer.Cli.csproj", "{A7E4D925-AACF-4782-8B9A-C10B9F527A0C}"
EndProject
Global
	GlobalSection(SolutionConfigurationPlatforms) = preSolution
		Debug|Any CPU = Debug|Any CPU
		Release|Any CPU = Release|Any CPU
	EndGlobalSection
	GlobalSection(ProjectConfigurationPlatforms) = postSolution
		{2176D8BA-5F57-4C56-8E21-A09011517AE2}.Debug|Any CPU.ActiveCfg = Debug|Any CPU
		{2176D8BA-5F57-4C56-8E21-A09011517AE2}.Debug|Any CPU.Build.0 = Debug|Any CPU
		{2176D8BA-5F57-4C56-8E21-A09011517AE2}.Release|Any CPU.ActiveCfg = Release|Any CPU
		{2176D8BA-5F57-4C56-8E21-A09011517AE2}.Release|Any CPU.Build.0 = Release|Any CPU
		{944127C3-915D-4F02-A534-64EC668C46EC}.Debug|Any CPU.ActiveCfg = Debug|Any CPU
		{944127C3-915D-4F02-A534-64EC668C46EC}.Debug|Any CPU.Build.0 = Debug|Any CPU
		{944127C3-915D-4F02-A534-64EC668C46EC}.Release|Any CPU.ActiveCfg = Release|Any CPU
		{944127C3-915D-4F02-A534-64EC668C46EC}.Release|Any CPU.Build.0 = Release|Any CPU
		{A7E4D925-AACF-4782-8B9A-C10B9F527A0C}.Debug|Any CPU.ActiveCfg = Debug|Any CPU
		{A7E4D925-AACF-4782-8B9A-C10B9F527A0C}.Debug|Any CPU.Build.0 = Debug|Any CPU
		{A7E4D925-AACF-4782-8B9A-C10B9F527A0C}.Release|Any CPU.ActiveCfg = Release|Any CPU
		{A7E4D925-AACF-4782-8B9A-C10B9F527A0C}.Release|Any CPU.Build.0 = Release|Any CPU
	EndGlobalSection
	GlobalSection(SolutionProperties) = preSolution
		HideSolutionNode = FALSE
	EndGlobalSection
	GlobalSection(ExtensibilityGlobals) = postSolution
		SolutionGuid = {16E9F7DE-60E7-4FB3-A3DB-38729FE5A04F}
	EndGlobalSection
EndGlobal
