
Microsoft Visual Studio Solution File, Format Version 12.00
# Visual Studio 15
VisualStudioVersion = 15.0.27130.2024
MinimumVisualStudioVersion = 10.0.40219.1
Project("{FAE04EC0-301F-11D3-BF4B-00C04F79EFBC}") = "SiteServe.API", "SiteServer.Web\SiteServe.API.csproj", "{10782686-B998-4E54-B2AF-86233C12355D}"
EndProject
Project("{FAE04EC0-301F-11D3-BF4B-00C04F79EFBC}") = "SiteServer.CMS", "SiteServer.CMS\SiteServer.CMS.csproj", "{55EFD315-E628-4293-9505-D1F919ADE339}"
EndProject
Project("{FAE04EC0-301F-11D3-BF4B-00C04F79EFBC}") = "SiteServer.Utils", "SiteServer.Utils\SiteServer.Utils.csproj", "{F19A6F6D-D96A-415E-B1D0-F3AD6F6067A3}"
EndProject
Project("{FAE04EC0-301F-11D3-BF4B-00C04F79EFBC}") = "SiteServer.BackgroundPages", "SiteServer.BackgroundPages\SiteServer.BackgroundPages.csproj", "{AAB355C2-8DD2-43D3-880C-EB9B51A59971}"
EndProject
Global
	GlobalSection(SolutionConfigurationPlatforms) = preSolution
		Debug|Any CPU = Debug|Any CPU
		Debug|x86 = Debug|x86
		Release|Any CPU = Release|Any CPU
		Release|x86 = Release|x86
	EndGlobalSection
	GlobalSection(ProjectConfigurationPlatforms) = postSolution
		{10782686-B998-4E54-B2AF-86233C12355D}.Debug|Any CPU.ActiveCfg = Debug|Any CPU
		{10782686-B998-4E54-B2AF-86233C12355D}.Debug|Any CPU.Build.0 = Debug|Any CPU
		{10782686-B998-4E54-B2AF-86233C12355D}.Debug|x86.ActiveCfg = Debug|x86
		{10782686-B998-4E54-B2AF-86233C12355D}.Debug|x86.Build.0 = Debug|x86
		{10782686-B998-4E54-B2AF-86233C12355D}.Release|Any CPU.ActiveCfg = Release|Any CPU
		{10782686-B998-4E54-B2AF-86233C12355D}.Release|Any CPU.Build.0 = Release|Any CPU
		{10782686-B998-4E54-B2AF-86233C12355D}.Release|x86.ActiveCfg = Release|x86
		{10782686-B998-4E54-B2AF-86233C12355D}.Release|x86.Build.0 = Release|x86
		{55EFD315-E628-4293-9505-D1F919ADE339}.Debug|Any CPU.ActiveCfg = Debug|Any CPU
		{55EFD315-E628-4293-9505-D1F919ADE339}.Debug|Any CPU.Build.0 = Debug|Any CPU
		{55EFD315-E628-4293-9505-D1F919ADE339}.Debug|x86.ActiveCfg = Debug|Any CPU
		{55EFD315-E628-4293-9505-D1F919ADE339}.Debug|x86.Build.0 = Debug|Any CPU
		{55EFD315-E628-4293-9505-D1F919ADE339}.Release|Any CPU.ActiveCfg = Release|Any CPU
		{55EFD315-E628-4293-9505-D1F919ADE339}.Release|Any CPU.Build.0 = Release|Any CPU
		{55EFD315-E628-4293-9505-D1F919ADE339}.Release|x86.ActiveCfg = Release|Any CPU
		{55EFD315-E628-4293-9505-D1F919ADE339}.Release|x86.Build.0 = Release|Any CPU
		{F19A6F6D-D96A-415E-B1D0-F3AD6F6067A3}.Debug|Any CPU.ActiveCfg = Debug|Any CPU
		{F19A6F6D-D96A-415E-B1D0-F3AD6F6067A3}.Debug|Any CPU.Build.0 = Debug|Any CPU
		{F19A6F6D-D96A-415E-B1D0-F3AD6F6067A3}.Debug|x86.ActiveCfg = Debug|Any CPU
		{F19A6F6D-D96A-415E-B1D0-F3AD6F6067A3}.Debug|x86.Build.0 = Debug|Any CPU
		{F19A6F6D-D96A-415E-B1D0-F3AD6F6067A3}.Release|Any CPU.ActiveCfg = Release|Any CPU
		{F19A6F6D-D96A-415E-B1D0-F3AD6F6067A3}.Release|Any CPU.Build.0 = Release|Any CPU
		{F19A6F6D-D96A-415E-B1D0-F3AD6F6067A3}.Release|x86.ActiveCfg = Release|Any CPU
		{F19A6F6D-D96A-415E-B1D0-F3AD6F6067A3}.Release|x86.Build.0 = Release|Any CPU
		{AAB355C2-8DD2-43D3-880C-EB9B51A59971}.Debug|Any CPU.ActiveCfg = Debug|Any CPU
		{AAB355C2-8DD2-43D3-880C-EB9B51A59971}.Debug|Any CPU.Build.0 = Debug|Any CPU
		{AAB355C2-8DD2-43D3-880C-EB9B51A59971}.Debug|x86.ActiveCfg = Debug|Any CPU
		{AAB355C2-8DD2-43D3-880C-EB9B51A59971}.Debug|x86.Build.0 = Debug|Any CPU
		{AAB355C2-8DD2-43D3-880C-EB9B51A59971}.Release|Any CPU.ActiveCfg = Release|Any CPU
		{AAB355C2-8DD2-43D3-880C-EB9B51A59971}.Release|Any CPU.Build.0 = Release|Any CPU
		{AAB355C2-8DD2-43D3-880C-EB9B51A59971}.Release|x86.ActiveCfg = Release|Any CPU
		{AAB355C2-8DD2-43D3-880C-EB9B51A59971}.Release|x86.Build.0 = Release|Any CPU
	EndGlobalSection
	GlobalSection(SolutionProperties) = preSolution
		HideSolutionNode = FALSE
	EndGlobalSection
	GlobalSection(ExtensibilityGlobals) = postSolution
		SolutionGuid = {1863FCC7-06EB-4620-BABB-C41E898A005F}
	EndGlobalSection
EndGlobal
