
Microsoft Visual Studio Solution File, Format Version 12.00
# Visual Studio Version 16
VisualStudioVersion = 16.0.28803.352
MinimumVisualStudioVersion = 10.0.40219.1
Project("{2150E333-8FDC-42A3-9474-1A3956D46DE8}") = "src", "src", "{CA84A415-DF00-4499-A537-3BD3F0A7588D}"
EndProject
Project("{2150E333-8FDC-42A3-9474-1A3956D46DE8}") = "tests", "tests", "{DBF48143-87FE-456A-98DE-13A7E2154B33}"
EndProject
Project("{2150E333-8FDC-42A3-9474-1A3956D46DE8}") = "Solution Items", "Solution Items", "{2665ABBF-D294-487E-A9AD-A9BA4B75CB30}"
	ProjectSection(SolutionItems) = preProject
		.gitattributes = .gitattributes
		.gitignore = .gitignore
		appveyor.yml = appveyor.yml
		azure-pipelines.yml = azure-pipelines.yml
		Dockerfile = Dockerfile
		Dockerfile.ps1 = Dockerfile.ps1
		gulpfile.js = gulpfile.js
		LICENSE = LICENSE
		package.json = package.json
		README.md = README.md
		SS.CMS.nuspec = SS.CMS.nuspec
	EndProjectSection
EndProject
Project("{9A19103F-16F7-4668-BE54-9A1E7A4F7556}") = "SS.CMS.Utils", "src\SS.CMS.Utils\SS.CMS.Utils.csproj", "{59B2A1A9-D22D-403A-B471-EA6774909F78}"
EndProject
Project("{9A19103F-16F7-4668-BE54-9A1E7A4F7556}") = "SS.CMS.Core", "src\SS.CMS.Core\SS.CMS.Core.csproj", "{20651904-C886-4CFD-920D-D19D9C6BEBCC}"
EndProject
Project("{9A19103F-16F7-4668-BE54-9A1E7A4F7556}") = "SS.CMS.Cli", "src\SS.CMS.Cli\SS.CMS.Cli.csproj", "{01B47D7C-3641-48E6-9B47-DAA4CDA654F7}"
EndProject
Project("{9A19103F-16F7-4668-BE54-9A1E7A4F7556}") = "SS.CMS.Api", "src\SS.CMS.Api\SS.CMS.Api.csproj", "{F46B32CC-C764-433F-984B-0D4D2F9A71C6}"
EndProject
Project("{9A19103F-16F7-4668-BE54-9A1E7A4F7556}") = "SS.CMS.Utils.Tests", "tests\SS.CMS.Utils.Tests\SS.CMS.Utils.Tests.csproj", "{C81CBAA0-90C7-4DD3-942B-D23EACD75676}"
EndProject
Project("{9A19103F-16F7-4668-BE54-9A1E7A4F7556}") = "SS.CMS.Core.Tests", "tests\SS.CMS.Core.Tests\SS.CMS.Core.Tests.csproj", "{776A5362-E589-435E-B2E2-B241A72FF8D8}"
EndProject
Project("{9A19103F-16F7-4668-BE54-9A1E7A4F7556}") = "SS.CMS.Cli.Tests", "tests\SS.CMS.Cli.Tests\SS.CMS.Cli.Tests.csproj", "{A23096EC-8AC7-4B17-922C-62BA57DAD68D}"
EndProject
Project("{9A19103F-16F7-4668-BE54-9A1E7A4F7556}") = "SS.CMS.Data", "src\SS.CMS.Data\SS.CMS.Data.csproj", "{7E1C1565-9102-4E7E-AF16-9924EC5E725E}"
EndProject
Project("{9A19103F-16F7-4668-BE54-9A1E7A4F7556}") = "SS.CMS.Data.Tests", "tests\SS.CMS.Data.Tests\SS.CMS.Data.Tests.csproj", "{3EBA206E-89E2-4228-B4BD-3220D9F9A699}"
EndProject
Project("{9A19103F-16F7-4668-BE54-9A1E7A4F7556}") = "SS.CMS.Api.Tests", "tests\SS.CMS.Api.Tests\SS.CMS.Api.Tests.csproj", "{9AE00392-EF92-4729-93CC-7E0B9EC00D46}"
EndProject
Project("{9A19103F-16F7-4668-BE54-9A1E7A4F7556}") = "SS.CMS.Abstractions", "src\SS.CMS.Abstractions\SS.CMS.Abstractions.csproj", "{DC66188E-E60D-48B3-9B1F-477DC09227F4}"
EndProject
Global
	GlobalSection(SolutionConfigurationPlatforms) = preSolution
		Debug|Any CPU = Debug|Any CPU
		Release|Any CPU = Release|Any CPU
	EndGlobalSection
	GlobalSection(ProjectConfigurationPlatforms) = postSolution
		{59B2A1A9-D22D-403A-B471-EA6774909F78}.Debug|Any CPU.ActiveCfg = Debug|Any CPU
		{59B2A1A9-D22D-403A-B471-EA6774909F78}.Debug|Any CPU.Build.0 = Debug|Any CPU
		{59B2A1A9-D22D-403A-B471-EA6774909F78}.Release|Any CPU.ActiveCfg = Release|Any CPU
		{59B2A1A9-D22D-403A-B471-EA6774909F78}.Release|Any CPU.Build.0 = Release|Any CPU
		{20651904-C886-4CFD-920D-D19D9C6BEBCC}.Debug|Any CPU.ActiveCfg = Debug|Any CPU
		{20651904-C886-4CFD-920D-D19D9C6BEBCC}.Debug|Any CPU.Build.0 = Debug|Any CPU
		{20651904-C886-4CFD-920D-D19D9C6BEBCC}.Release|Any CPU.ActiveCfg = Release|Any CPU
		{20651904-C886-4CFD-920D-D19D9C6BEBCC}.Release|Any CPU.Build.0 = Release|Any CPU
		{01B47D7C-3641-48E6-9B47-DAA4CDA654F7}.Debug|Any CPU.ActiveCfg = Debug|Any CPU
		{01B47D7C-3641-48E6-9B47-DAA4CDA654F7}.Debug|Any CPU.Build.0 = Debug|Any CPU
		{01B47D7C-3641-48E6-9B47-DAA4CDA654F7}.Release|Any CPU.ActiveCfg = Release|Any CPU
		{01B47D7C-3641-48E6-9B47-DAA4CDA654F7}.Release|Any CPU.Build.0 = Release|Any CPU
		{F46B32CC-C764-433F-984B-0D4D2F9A71C6}.Debug|Any CPU.ActiveCfg = Debug|Any CPU
		{F46B32CC-C764-433F-984B-0D4D2F9A71C6}.Debug|Any CPU.Build.0 = Debug|Any CPU
		{F46B32CC-C764-433F-984B-0D4D2F9A71C6}.Release|Any CPU.ActiveCfg = Release|Any CPU
		{F46B32CC-C764-433F-984B-0D4D2F9A71C6}.Release|Any CPU.Build.0 = Release|Any CPU
		{C81CBAA0-90C7-4DD3-942B-D23EACD75676}.Debug|Any CPU.ActiveCfg = Debug|Any CPU
		{C81CBAA0-90C7-4DD3-942B-D23EACD75676}.Debug|Any CPU.Build.0 = Debug|Any CPU
		{C81CBAA0-90C7-4DD3-942B-D23EACD75676}.Release|Any CPU.ActiveCfg = Release|Any CPU
		{C81CBAA0-90C7-4DD3-942B-D23EACD75676}.Release|Any CPU.Build.0 = Release|Any CPU
		{776A5362-E589-435E-B2E2-B241A72FF8D8}.Debug|Any CPU.ActiveCfg = Debug|Any CPU
		{776A5362-E589-435E-B2E2-B241A72FF8D8}.Debug|Any CPU.Build.0 = Debug|Any CPU
		{776A5362-E589-435E-B2E2-B241A72FF8D8}.Release|Any CPU.ActiveCfg = Release|Any CPU
		{776A5362-E589-435E-B2E2-B241A72FF8D8}.Release|Any CPU.Build.0 = Release|Any CPU
		{A23096EC-8AC7-4B17-922C-62BA57DAD68D}.Debug|Any CPU.ActiveCfg = Debug|Any CPU
		{A23096EC-8AC7-4B17-922C-62BA57DAD68D}.Debug|Any CPU.Build.0 = Debug|Any CPU
		{A23096EC-8AC7-4B17-922C-62BA57DAD68D}.Release|Any CPU.ActiveCfg = Release|Any CPU
		{A23096EC-8AC7-4B17-922C-62BA57DAD68D}.Release|Any CPU.Build.0 = Release|Any CPU
		{7E1C1565-9102-4E7E-AF16-9924EC5E725E}.Debug|Any CPU.ActiveCfg = Debug|Any CPU
		{7E1C1565-9102-4E7E-AF16-9924EC5E725E}.Debug|Any CPU.Build.0 = Debug|Any CPU
		{7E1C1565-9102-4E7E-AF16-9924EC5E725E}.Release|Any CPU.ActiveCfg = Release|Any CPU
		{7E1C1565-9102-4E7E-AF16-9924EC5E725E}.Release|Any CPU.Build.0 = Release|Any CPU
		{3EBA206E-89E2-4228-B4BD-3220D9F9A699}.Debug|Any CPU.ActiveCfg = Debug|Any CPU
		{3EBA206E-89E2-4228-B4BD-3220D9F9A699}.Debug|Any CPU.Build.0 = Debug|Any CPU
		{3EBA206E-89E2-4228-B4BD-3220D9F9A699}.Release|Any CPU.ActiveCfg = Release|Any CPU
		{3EBA206E-89E2-4228-B4BD-3220D9F9A699}.Release|Any CPU.Build.0 = Release|Any CPU
		{9AE00392-EF92-4729-93CC-7E0B9EC00D46}.Debug|Any CPU.ActiveCfg = Debug|Any CPU
		{9AE00392-EF92-4729-93CC-7E0B9EC00D46}.Debug|Any CPU.Build.0 = Debug|Any CPU
		{9AE00392-EF92-4729-93CC-7E0B9EC00D46}.Release|Any CPU.ActiveCfg = Release|Any CPU
		{9AE00392-EF92-4729-93CC-7E0B9EC00D46}.Release|Any CPU.Build.0 = Release|Any CPU
		{DC66188E-E60D-48B3-9B1F-477DC09227F4}.Debug|Any CPU.ActiveCfg = Debug|Any CPU
		{DC66188E-E60D-48B3-9B1F-477DC09227F4}.Debug|Any CPU.Build.0 = Debug|Any CPU
		{DC66188E-E60D-48B3-9B1F-477DC09227F4}.Release|Any CPU.ActiveCfg = Release|Any CPU
		{DC66188E-E60D-48B3-9B1F-477DC09227F4}.Release|Any CPU.Build.0 = Release|Any CPU
	EndGlobalSection
	GlobalSection(SolutionProperties) = preSolution
		HideSolutionNode = FALSE
	EndGlobalSection
	GlobalSection(NestedProjects) = preSolution
		{59B2A1A9-D22D-403A-B471-EA6774909F78} = {CA84A415-DF00-4499-A537-3BD3F0A7588D}
		{20651904-C886-4CFD-920D-D19D9C6BEBCC} = {CA84A415-DF00-4499-A537-3BD3F0A7588D}
		{01B47D7C-3641-48E6-9B47-DAA4CDA654F7} = {CA84A415-DF00-4499-A537-3BD3F0A7588D}
		{F46B32CC-C764-433F-984B-0D4D2F9A71C6} = {CA84A415-DF00-4499-A537-3BD3F0A7588D}
		{C81CBAA0-90C7-4DD3-942B-D23EACD75676} = {DBF48143-87FE-456A-98DE-13A7E2154B33}
		{776A5362-E589-435E-B2E2-B241A72FF8D8} = {DBF48143-87FE-456A-98DE-13A7E2154B33}
		{A23096EC-8AC7-4B17-922C-62BA57DAD68D} = {DBF48143-87FE-456A-98DE-13A7E2154B33}
		{7E1C1565-9102-4E7E-AF16-9924EC5E725E} = {CA84A415-DF00-4499-A537-3BD3F0A7588D}
		{3EBA206E-89E2-4228-B4BD-3220D9F9A699} = {DBF48143-87FE-456A-98DE-13A7E2154B33}
		{9AE00392-EF92-4729-93CC-7E0B9EC00D46} = {DBF48143-87FE-456A-98DE-13A7E2154B33}
		{DC66188E-E60D-48B3-9B1F-477DC09227F4} = {CA84A415-DF00-4499-A537-3BD3F0A7588D}
	EndGlobalSection
	GlobalSection(ExtensibilityGlobals) = postSolution
		SolutionGuid = {8990A474-798A-4121-A8AF-DBA1E78DB839}
	EndGlobalSection
EndGlobal
