
Microsoft Visual Studio Solution File, Format Version 12.00
# Visual Studio Version 16
VisualStudioVersion = 16.0.28803.156
MinimumVisualStudioVersion = 10.0.40219.1
Project("{2150E333-8FDC-42A3-9474-1A3956D46DE8}") = "tests", "tests", "{7087E39F-5DDF-4108-831C-2EBD8DEC3804}"
EndProject
Project("{2150E333-8FDC-42A3-9474-1A3956D46DE8}") = "src", "src", "{273FDE01-B4F1-4A5F-8E08-23D071ED7206}"
EndProject
Project("{9A19103F-16F7-4668-BE54-9A1E7A4F7556}") = "SS.CMS.Abstractions", "src\SS.CMS.Abstractions\SS.CMS.Abstractions.csproj", "{74ED34B5-FCBA-4EF9-9176-E68032D6AC57}"
EndProject
Project("{9A19103F-16F7-4668-BE54-9A1E7A4F7556}") = "SS.CMS", "src\SS.CMS\SS.CMS.csproj", "{B45F8494-E2A0-44B5-AAF5-FBA0FFFB21AB}"
EndProject
Project("{9A19103F-16F7-4668-BE54-9A1E7A4F7556}") = "SS.CMS.Web", "src\SS.CMS.Web\SS.CMS.Web.csproj", "{8C5A6F3B-0AC9-43E7-9FA3-69C440B996B1}"
EndProject
Project("{9A19103F-16F7-4668-BE54-9A1E7A4F7556}") = "SS.CMS.Abstractions.Tests", "tests\SS.CMS.Abstractions.Tests\SS.CMS.Abstractions.Tests.csproj", "{A75915C8-E66D-477F-AD3C-BC1B5E39DE50}"
EndProject
Project("{9A19103F-16F7-4668-BE54-9A1E7A4F7556}") = "SS.CMS.Cli", "src\SS.CMS.Cli\SS.CMS.Cli.csproj", "{20D2814B-48D4-4C38-B66D-E48CD77B1006}"
EndProject
Project("{9A19103F-16F7-4668-BE54-9A1E7A4F7556}") = "SS.CMS.Tests", "tests\SS.CMS.Tests\SS.CMS.Tests.csproj", "{D3D2F848-0F0D-41B9-BFC4-047904412E3E}"
EndProject
Project("{9A19103F-16F7-4668-BE54-9A1E7A4F7556}") = "SS.CMS.Cli.Tests", "tests\SS.CMS.Cli.Tests\SS.CMS.Cli.Tests.csproj", "{6B58B780-5A94-4F16-B28B-EAADF545CABA}"
EndProject
Project("{9A19103F-16F7-4668-BE54-9A1E7A4F7556}") = "SS.CMS.Web.Tests", "tests\SS.CMS.Web.Tests\SS.CMS.Web.Tests.csproj", "{8A5C18B0-73B6-4886-86D0-3CE44EB576ED}"
EndProject
Global
	GlobalSection(SolutionConfigurationPlatforms) = preSolution
		Debug|Any CPU = Debug|Any CPU
		Release|Any CPU = Release|Any CPU
	EndGlobalSection
	GlobalSection(ProjectConfigurationPlatforms) = postSolution
		{74ED34B5-FCBA-4EF9-9176-E68032D6AC57}.Debug|Any CPU.ActiveCfg = Debug|Any CPU
		{74ED34B5-FCBA-4EF9-9176-E68032D6AC57}.Debug|Any CPU.Build.0 = Debug|Any CPU
		{74ED34B5-FCBA-4EF9-9176-E68032D6AC57}.Release|Any CPU.ActiveCfg = Release|Any CPU
		{74ED34B5-FCBA-4EF9-9176-E68032D6AC57}.Release|Any CPU.Build.0 = Release|Any CPU
		{B45F8494-E2A0-44B5-AAF5-FBA0FFFB21AB}.Debug|Any CPU.ActiveCfg = Debug|Any CPU
		{B45F8494-E2A0-44B5-AAF5-FBA0FFFB21AB}.Debug|Any CPU.Build.0 = Debug|Any CPU
		{B45F8494-E2A0-44B5-AAF5-FBA0FFFB21AB}.Release|Any CPU.ActiveCfg = Release|Any CPU
		{B45F8494-E2A0-44B5-AAF5-FBA0FFFB21AB}.Release|Any CPU.Build.0 = Release|Any CPU
		{8C5A6F3B-0AC9-43E7-9FA3-69C440B996B1}.Debug|Any CPU.ActiveCfg = Debug|Any CPU
		{8C5A6F3B-0AC9-43E7-9FA3-69C440B996B1}.Debug|Any CPU.Build.0 = Debug|Any CPU
		{8C5A6F3B-0AC9-43E7-9FA3-69C440B996B1}.Release|Any CPU.ActiveCfg = Release|Any CPU
		{8C5A6F3B-0AC9-43E7-9FA3-69C440B996B1}.Release|Any CPU.Build.0 = Release|Any CPU
		{A75915C8-E66D-477F-AD3C-BC1B5E39DE50}.Debug|Any CPU.ActiveCfg = Debug|Any CPU
		{A75915C8-E66D-477F-AD3C-BC1B5E39DE50}.Debug|Any CPU.Build.0 = Debug|Any CPU
		{A75915C8-E66D-477F-AD3C-BC1B5E39DE50}.Release|Any CPU.ActiveCfg = Release|Any CPU
		{A75915C8-E66D-477F-AD3C-BC1B5E39DE50}.Release|Any CPU.Build.0 = Release|Any CPU
		{20D2814B-48D4-4C38-B66D-E48CD77B1006}.Debug|Any CPU.ActiveCfg = Debug|Any CPU
		{20D2814B-48D4-4C38-B66D-E48CD77B1006}.Debug|Any CPU.Build.0 = Debug|Any CPU
		{20D2814B-48D4-4C38-B66D-E48CD77B1006}.Release|Any CPU.ActiveCfg = Release|Any CPU
		{20D2814B-48D4-4C38-B66D-E48CD77B1006}.Release|Any CPU.Build.0 = Release|Any CPU
		{D3D2F848-0F0D-41B9-BFC4-047904412E3E}.Debug|Any CPU.ActiveCfg = Debug|Any CPU
		{D3D2F848-0F0D-41B9-BFC4-047904412E3E}.Debug|Any CPU.Build.0 = Debug|Any CPU
		{D3D2F848-0F0D-41B9-BFC4-047904412E3E}.Release|Any CPU.ActiveCfg = Release|Any CPU
		{D3D2F848-0F0D-41B9-BFC4-047904412E3E}.Release|Any CPU.Build.0 = Release|Any CPU
		{6B58B780-5A94-4F16-B28B-EAADF545CABA}.Debug|Any CPU.ActiveCfg = Debug|Any CPU
		{6B58B780-5A94-4F16-B28B-EAADF545CABA}.Debug|Any CPU.Build.0 = Debug|Any CPU
		{6B58B780-5A94-4F16-B28B-EAADF545CABA}.Release|Any CPU.ActiveCfg = Release|Any CPU
		{6B58B780-5A94-4F16-B28B-EAADF545CABA}.Release|Any CPU.Build.0 = Release|Any CPU
		{8A5C18B0-73B6-4886-86D0-3CE44EB576ED}.Debug|Any CPU.ActiveCfg = Debug|Any CPU
		{8A5C18B0-73B6-4886-86D0-3CE44EB576ED}.Debug|Any CPU.Build.0 = Debug|Any CPU
		{8A5C18B0-73B6-4886-86D0-3CE44EB576ED}.Release|Any CPU.ActiveCfg = Release|Any CPU
		{8A5C18B0-73B6-4886-86D0-3CE44EB576ED}.Release|Any CPU.Build.0 = Release|Any CPU
	EndGlobalSection
	GlobalSection(SolutionProperties) = preSolution
		HideSolutionNode = FALSE
	EndGlobalSection
	GlobalSection(NestedProjects) = preSolution
		{74ED34B5-FCBA-4EF9-9176-E68032D6AC57} = {273FDE01-B4F1-4A5F-8E08-23D071ED7206}
		{B45F8494-E2A0-44B5-AAF5-FBA0FFFB21AB} = {273FDE01-B4F1-4A5F-8E08-23D071ED7206}
		{8C5A6F3B-0AC9-43E7-9FA3-69C440B996B1} = {273FDE01-B4F1-4A5F-8E08-23D071ED7206}
		{A75915C8-E66D-477F-AD3C-BC1B5E39DE50} = {7087E39F-5DDF-4108-831C-2EBD8DEC3804}
		{20D2814B-48D4-4C38-B66D-E48CD77B1006} = {273FDE01-B4F1-4A5F-8E08-23D071ED7206}
		{D3D2F848-0F0D-41B9-BFC4-047904412E3E} = {7087E39F-5DDF-4108-831C-2EBD8DEC3804}
		{6B58B780-5A94-4F16-B28B-EAADF545CABA} = {7087E39F-5DDF-4108-831C-2EBD8DEC3804}
		{8A5C18B0-73B6-4886-86D0-3CE44EB576ED} = {7087E39F-5DDF-4108-831C-2EBD8DEC3804}
	EndGlobalSection
	GlobalSection(ExtensibilityGlobals) = postSolution
		SolutionGuid = {16E9F7DE-60E7-4FB3-A3DB-38729FE5A04F}
	EndGlobalSection
EndGlobal
