
Microsoft Visual Studio Solution File, Format Version 12.00
# Visual Studio Version 16
VisualStudioVersion = 16.0.28803.156
MinimumVisualStudioVersion = 10.0.40219.1
Project("{2150E333-8FDC-42A3-9474-1A3956D46DE8}") = "tests", "tests", "{7087E39F-5DDF-4108-831C-2EBD8DEC3804}"
EndProject
Project("{2150E333-8FDC-42A3-9474-1A3956D46DE8}") = "src", "src", "{273FDE01-B4F1-4A5F-8E08-23D071ED7206}"
EndProject
Project("{2150E333-8FDC-42A3-9474-1A3956D46DE8}") = "Solution Items", "Solution Items", "{E23844F2-3E94-4B93-B795-1A53C41F0BA5}"
	ProjectSection(SolutionItems) = preProject
		azure-pipelines.yml = azure-pipelines.yml
	EndProjectSection
EndProject
Project("{9A19103F-16F7-4668-BE54-9A1E7A4F7556}") = "Datory", "..\Datory\src\Datory\Datory.csproj", "{366F752C-5F99-4D55-9C4D-9E4C705E7742}"
EndProject
Project("{9A19103F-16F7-4668-BE54-9A1E7A4F7556}") = "SSCMS", "src\SSCMS\SSCMS.csproj", "{3E604789-4F7D-4D8C-B5E3-931C83DC743E}"
EndProject
Project("{9A19103F-16F7-4668-BE54-9A1E7A4F7556}") = "SSCMS.Abstractions", "src\SSCMS.Abstractions\SSCMS.Abstractions.csproj", "{5FE9513A-3149-43A9-AADA-B9E0F6901DD0}"
EndProject
Project("{9A19103F-16F7-4668-BE54-9A1E7A4F7556}") = "SSCMS.Core", "src\SSCMS.Core\SSCMS.Core.csproj", "{360F8930-C570-4747-BB9F-D66C4B460468}"
EndProject
Project("{9A19103F-16F7-4668-BE54-9A1E7A4F7556}") = "SSCMS.Cli", "src\SSCMS.Cli\SSCMS.Cli.csproj", "{224FF8EA-D7AA-41C3-96C8-02C97CD40828}"
EndProject
Project("{9A19103F-16F7-4668-BE54-9A1E7A4F7556}") = "SSCMS.Abstractions.Tests", "tests\SSCMS.Abstractions.Tests\SSCMS.Abstractions.Tests.csproj", "{D7E9916C-7339-4B80-9FDC-4A9B6213312C}"
EndProject
Project("{9A19103F-16F7-4668-BE54-9A1E7A4F7556}") = "SSCMS.Core.Tests", "tests\SSCMS.Core.Tests\SSCMS.Core.Tests.csproj", "{10B8E9B0-F3DC-4B41-B6E3-83CD1645E649}"
EndProject
Project("{9A19103F-16F7-4668-BE54-9A1E7A4F7556}") = "SSCMS.Cli.Tests", "tests\SSCMS.Cli.Tests\SSCMS.Cli.Tests.csproj", "{858E4350-83EA-4399-8E1F-09CB5901D642}"
EndProject
Project("{9A19103F-16F7-4668-BE54-9A1E7A4F7556}") = "SSCMS.Tests", "tests\SSCMS.Tests\SSCMS.Tests.csproj", "{2D1BE054-6CDA-4D44-A094-EDCD877B8762}"
EndProject
Project("{9A19103F-16F7-4668-BE54-9A1E7A4F7556}") = "SSCMS.Restriction", "..\plugins\SS.CMS.Restriction\SSCMS.Restriction.csproj", "{1793FA6A-41C5-491A-84E8-DF113A6AD6CA}"
EndProject
Global
	GlobalSection(SolutionConfigurationPlatforms) = preSolution
		Debug|Any CPU = Debug|Any CPU
		Release|Any CPU = Release|Any CPU
	EndGlobalSection
	GlobalSection(ProjectConfigurationPlatforms) = postSolution
		{366F752C-5F99-4D55-9C4D-9E4C705E7742}.Debug|Any CPU.ActiveCfg = Debug|Any CPU
		{366F752C-5F99-4D55-9C4D-9E4C705E7742}.Debug|Any CPU.Build.0 = Debug|Any CPU
		{366F752C-5F99-4D55-9C4D-9E4C705E7742}.Release|Any CPU.ActiveCfg = Release|Any CPU
		{366F752C-5F99-4D55-9C4D-9E4C705E7742}.Release|Any CPU.Build.0 = Release|Any CPU
		{3E604789-4F7D-4D8C-B5E3-931C83DC743E}.Debug|Any CPU.ActiveCfg = Debug|Any CPU
		{3E604789-4F7D-4D8C-B5E3-931C83DC743E}.Debug|Any CPU.Build.0 = Debug|Any CPU
		{3E604789-4F7D-4D8C-B5E3-931C83DC743E}.Release|Any CPU.ActiveCfg = Release|Any CPU
		{3E604789-4F7D-4D8C-B5E3-931C83DC743E}.Release|Any CPU.Build.0 = Release|Any CPU
		{5FE9513A-3149-43A9-AADA-B9E0F6901DD0}.Debug|Any CPU.ActiveCfg = Debug|Any CPU
		{5FE9513A-3149-43A9-AADA-B9E0F6901DD0}.Debug|Any CPU.Build.0 = Debug|Any CPU
		{5FE9513A-3149-43A9-AADA-B9E0F6901DD0}.Release|Any CPU.ActiveCfg = Release|Any CPU
		{5FE9513A-3149-43A9-AADA-B9E0F6901DD0}.Release|Any CPU.Build.0 = Release|Any CPU
		{360F8930-C570-4747-BB9F-D66C4B460468}.Debug|Any CPU.ActiveCfg = Debug|Any CPU
		{360F8930-C570-4747-BB9F-D66C4B460468}.Debug|Any CPU.Build.0 = Debug|Any CPU
		{360F8930-C570-4747-BB9F-D66C4B460468}.Release|Any CPU.ActiveCfg = Release|Any CPU
		{360F8930-C570-4747-BB9F-D66C4B460468}.Release|Any CPU.Build.0 = Release|Any CPU
		{224FF8EA-D7AA-41C3-96C8-02C97CD40828}.Debug|Any CPU.ActiveCfg = Debug|Any CPU
		{224FF8EA-D7AA-41C3-96C8-02C97CD40828}.Debug|Any CPU.Build.0 = Debug|Any CPU
		{224FF8EA-D7AA-41C3-96C8-02C97CD40828}.Release|Any CPU.ActiveCfg = Release|Any CPU
		{224FF8EA-D7AA-41C3-96C8-02C97CD40828}.Release|Any CPU.Build.0 = Release|Any CPU
		{D7E9916C-7339-4B80-9FDC-4A9B6213312C}.Debug|Any CPU.ActiveCfg = Debug|Any CPU
		{D7E9916C-7339-4B80-9FDC-4A9B6213312C}.Debug|Any CPU.Build.0 = Debug|Any CPU
		{D7E9916C-7339-4B80-9FDC-4A9B6213312C}.Release|Any CPU.ActiveCfg = Release|Any CPU
		{D7E9916C-7339-4B80-9FDC-4A9B6213312C}.Release|Any CPU.Build.0 = Release|Any CPU
		{10B8E9B0-F3DC-4B41-B6E3-83CD1645E649}.Debug|Any CPU.ActiveCfg = Debug|Any CPU
		{10B8E9B0-F3DC-4B41-B6E3-83CD1645E649}.Debug|Any CPU.Build.0 = Debug|Any CPU
		{10B8E9B0-F3DC-4B41-B6E3-83CD1645E649}.Release|Any CPU.ActiveCfg = Release|Any CPU
		{10B8E9B0-F3DC-4B41-B6E3-83CD1645E649}.Release|Any CPU.Build.0 = Release|Any CPU
		{858E4350-83EA-4399-8E1F-09CB5901D642}.Debug|Any CPU.ActiveCfg = Debug|Any CPU
		{858E4350-83EA-4399-8E1F-09CB5901D642}.Debug|Any CPU.Build.0 = Debug|Any CPU
		{858E4350-83EA-4399-8E1F-09CB5901D642}.Release|Any CPU.ActiveCfg = Release|Any CPU
		{858E4350-83EA-4399-8E1F-09CB5901D642}.Release|Any CPU.Build.0 = Release|Any CPU
		{2D1BE054-6CDA-4D44-A094-EDCD877B8762}.Debug|Any CPU.ActiveCfg = Debug|Any CPU
		{2D1BE054-6CDA-4D44-A094-EDCD877B8762}.Debug|Any CPU.Build.0 = Debug|Any CPU
		{2D1BE054-6CDA-4D44-A094-EDCD877B8762}.Release|Any CPU.ActiveCfg = Release|Any CPU
		{2D1BE054-6CDA-4D44-A094-EDCD877B8762}.Release|Any CPU.Build.0 = Release|Any CPU
		{1793FA6A-41C5-491A-84E8-DF113A6AD6CA}.Debug|Any CPU.ActiveCfg = Debug|Any CPU
		{1793FA6A-41C5-491A-84E8-DF113A6AD6CA}.Debug|Any CPU.Build.0 = Debug|Any CPU
		{1793FA6A-41C5-491A-84E8-DF113A6AD6CA}.Release|Any CPU.ActiveCfg = Release|Any CPU
		{1793FA6A-41C5-491A-84E8-DF113A6AD6CA}.Release|Any CPU.Build.0 = Release|Any CPU
	EndGlobalSection
	GlobalSection(SolutionProperties) = preSolution
		HideSolutionNode = FALSE
	EndGlobalSection
	GlobalSection(NestedProjects) = preSolution
		{3E604789-4F7D-4D8C-B5E3-931C83DC743E} = {273FDE01-B4F1-4A5F-8E08-23D071ED7206}
		{5FE9513A-3149-43A9-AADA-B9E0F6901DD0} = {273FDE01-B4F1-4A5F-8E08-23D071ED7206}
		{360F8930-C570-4747-BB9F-D66C4B460468} = {273FDE01-B4F1-4A5F-8E08-23D071ED7206}
		{224FF8EA-D7AA-41C3-96C8-02C97CD40828} = {273FDE01-B4F1-4A5F-8E08-23D071ED7206}
		{D7E9916C-7339-4B80-9FDC-4A9B6213312C} = {7087E39F-5DDF-4108-831C-2EBD8DEC3804}
		{10B8E9B0-F3DC-4B41-B6E3-83CD1645E649} = {7087E39F-5DDF-4108-831C-2EBD8DEC3804}
		{858E4350-83EA-4399-8E1F-09CB5901D642} = {7087E39F-5DDF-4108-831C-2EBD8DEC3804}
		{2D1BE054-6CDA-4D44-A094-EDCD877B8762} = {7087E39F-5DDF-4108-831C-2EBD8DEC3804}
	EndGlobalSection
	GlobalSection(ExtensibilityGlobals) = postSolution
		SolutionGuid = {16E9F7DE-60E7-4FB3-A3DB-38729FE5A04F}
	EndGlobalSection
EndGlobal
