
Microsoft Visual Studio Solution File, Format Version 12.00
# Visual Studio 15
VisualStudioVersion = 15.0.27703.2035
MinimumVisualStudioVersion = 10.0.40219.1
Project("{9A19103F-16F7-4668-BE54-9A1E7A4F7556}") = "SiteServer.Plugin", "SiteServer.Plugin.csproj", "{6B5FDB55-50D8-4573-9FAB-A174FBE40721}"
EndProject
Global
	GlobalSection(SolutionConfigurationPlatforms) = preSolution
		Debug|Any CPU = Debug|Any CPU
		Release|Any CPU = Release|Any CPU
	EndGlobalSection
	GlobalSection(ProjectConfigurationPlatforms) = postSolution
		{6B5FDB55-50D8-4573-9FAB-A174FBE40721}.Debug|Any CPU.ActiveCfg = Debug|Any CPU
		{6B5FDB55-50D8-4573-9FAB-A174FBE40721}.Debug|Any CPU.Build.0 = Debug|Any CPU
		{6B5FDB55-50D8-4573-9FAB-A174FBE40721}.Release|Any CPU.ActiveCfg = Release|Any CPU
		{6B5FDB55-50D8-4573-9FAB-A174FBE40721}.Release|Any CPU.Build.0 = Release|Any CPU
	EndGlobalSection
	GlobalSection(SolutionProperties) = preSolution
		HideSolutionNode = FALSE
	EndGlobalSection
	GlobalSection(ExtensibilityGlobals) = postSolution
		SolutionGuid = {F04576E2-D66B-4BF4-9BEA-A47DB9A52835}
	EndGlobalSection
EndGlobal
