
Microsoft Visual Studio Solution File, Format Version 12.00
# Visual Studio 14
VisualStudioVersion = 14.0.24720.0
MinimumVisualStudioVersion = 10.0.40219.1
Project("{FAE04EC0-301F-11D3-BF4B-00C04F79EFBC}") = "BaiRong.Core", "BaiRong.Core\BaiRong.Core.csproj", "{3D8CB06B-1791-4685-AB56-965B9F41666E}"
EndProject
Project("{FAE04EC0-301F-11D3-BF4B-00C04F79EFBC}") = "SiteServer.CMS", "SiteServer.CMS\SiteServer.CMS.csproj", "{61A793E1-3E99-4BDC-BC20-7298CA3E0000}"
EndProject
Project("{FAE04EC0-301F-11D3-BF4B-00C04F79EFBC}") = "SiteServer.BackgroundPages", "SiteServer.BackgroundPages\SiteServer.BackgroundPages.csproj", "{61A793E1-3E99-4BDC-BC20-7298CA3E6699}"
EndProject
Project("{FAE04EC0-301F-11D3-BF4B-00C04F79EFBC}") = "SiteServe.API", "SiteServer.Web\SiteServe.API.csproj", "{10782686-B998-4E54-B2AF-86233C12355D}"
EndProject
Project("{FAE04EC0-301F-11D3-BF4B-00C04F79EFBC}") = "siteserver", "siteserver\siteserver.csproj", "{FFB06C04-69CD-4B0D-872B-3FDF9EEC38C3}"
EndProject
Project("{FAE04EC0-301F-11D3-BF4B-00C04F79EFBC}") = "SiteServer.Plugins", "SiteServer.Plugins\SiteServer.Plugins.csproj", "{61A793E1-3E99-4BDC-BC20-7298CA3E6849}"
EndProject
Project("{E24C65DC-7377-472B-9ABA-BC803B73C61A}") = "SiteServer.Web", "SiteServer.Web\", "{B75BBB40-B7B1-4DA7-A05E-174EB22CF50E}"
	ProjectSection(WebsiteProperties) = preProject
		TargetFrameworkMoniker = ".NETFramework,Version%3Dv4.5"
		Debug.AspNetCompiler.VirtualPath = "/localhost_52644"
		Debug.AspNetCompiler.PhysicalPath = "SiteServer.Web\"
		Debug.AspNetCompiler.TargetPath = "PrecompiledWeb\localhost_52644\"
		Debug.AspNetCompiler.Updateable = "true"
		Debug.AspNetCompiler.ForceOverwrite = "true"
		Debug.AspNetCompiler.FixedNames = "false"
		Debug.AspNetCompiler.Debug = "True"
		Release.AspNetCompiler.VirtualPath = "/localhost_52644"
		Release.AspNetCompiler.PhysicalPath = "SiteServer.Web\"
		Release.AspNetCompiler.TargetPath = "PrecompiledWeb\localhost_52644\"
		Release.AspNetCompiler.Updateable = "true"
		Release.AspNetCompiler.ForceOverwrite = "true"
		Release.AspNetCompiler.FixedNames = "false"
		Release.AspNetCompiler.Debug = "False"
		VWDPort = "52644"
		SlnRelativePath = "SiteServer.Web\"
	EndProjectSection
EndProject
Global
	GlobalSection(SolutionConfigurationPlatforms) = preSolution
		Debug|Any CPU = Debug|Any CPU
		Debug|x86 = Debug|x86
		Release|Any CPU = Release|Any CPU
		Release|x86 = Release|x86
	EndGlobalSection
	GlobalSection(ProjectConfigurationPlatforms) = postSolution
		{3D8CB06B-1791-4685-AB56-965B9F41666E}.Debug|Any CPU.ActiveCfg = Debug|Any CPU
		{3D8CB06B-1791-4685-AB56-965B9F41666E}.Debug|Any CPU.Build.0 = Debug|Any CPU
		{3D8CB06B-1791-4685-AB56-965B9F41666E}.Debug|x86.ActiveCfg = Debug|x86
		{3D8CB06B-1791-4685-AB56-965B9F41666E}.Debug|x86.Build.0 = Debug|x86
		{3D8CB06B-1791-4685-AB56-965B9F41666E}.Release|Any CPU.ActiveCfg = Release|Any CPU
		{3D8CB06B-1791-4685-AB56-965B9F41666E}.Release|Any CPU.Build.0 = Release|Any CPU
		{3D8CB06B-1791-4685-AB56-965B9F41666E}.Release|x86.ActiveCfg = Release|x86
		{3D8CB06B-1791-4685-AB56-965B9F41666E}.Release|x86.Build.0 = Release|x86
		{61A793E1-3E99-4BDC-BC20-7298CA3E0000}.Debug|Any CPU.ActiveCfg = Debug|Any CPU
		{61A793E1-3E99-4BDC-BC20-7298CA3E0000}.Debug|Any CPU.Build.0 = Debug|Any CPU
		{61A793E1-3E99-4BDC-BC20-7298CA3E0000}.Debug|x86.ActiveCfg = Debug|x86
		{61A793E1-3E99-4BDC-BC20-7298CA3E0000}.Debug|x86.Build.0 = Debug|x86
		{61A793E1-3E99-4BDC-BC20-7298CA3E0000}.Release|Any CPU.ActiveCfg = Release|Any CPU
		{61A793E1-3E99-4BDC-BC20-7298CA3E0000}.Release|Any CPU.Build.0 = Release|Any CPU
		{61A793E1-3E99-4BDC-BC20-7298CA3E0000}.Release|x86.ActiveCfg = Release|x86
		{61A793E1-3E99-4BDC-BC20-7298CA3E0000}.Release|x86.Build.0 = Release|x86
		{61A793E1-3E99-4BDC-BC20-7298CA3E6699}.Debug|Any CPU.ActiveCfg = Debug|Any CPU
		{61A793E1-3E99-4BDC-BC20-7298CA3E6699}.Debug|Any CPU.Build.0 = Debug|Any CPU
		{61A793E1-3E99-4BDC-BC20-7298CA3E6699}.Debug|x86.ActiveCfg = Debug|x86
		{61A793E1-3E99-4BDC-BC20-7298CA3E6699}.Debug|x86.Build.0 = Debug|x86
		{61A793E1-3E99-4BDC-BC20-7298CA3E6699}.Release|Any CPU.ActiveCfg = Release|Any CPU
		{61A793E1-3E99-4BDC-BC20-7298CA3E6699}.Release|Any CPU.Build.0 = Release|Any CPU
		{61A793E1-3E99-4BDC-BC20-7298CA3E6699}.Release|x86.ActiveCfg = Release|x86
		{61A793E1-3E99-4BDC-BC20-7298CA3E6699}.Release|x86.Build.0 = Release|x86
		{10782686-B998-4E54-B2AF-86233C12355D}.Debug|Any CPU.ActiveCfg = Debug|Any CPU
		{10782686-B998-4E54-B2AF-86233C12355D}.Debug|Any CPU.Build.0 = Debug|Any CPU
		{10782686-B998-4E54-B2AF-86233C12355D}.Debug|x86.ActiveCfg = Debug|x86
		{10782686-B998-4E54-B2AF-86233C12355D}.Debug|x86.Build.0 = Debug|x86
		{10782686-B998-4E54-B2AF-86233C12355D}.Release|Any CPU.ActiveCfg = Release|Any CPU
		{10782686-B998-4E54-B2AF-86233C12355D}.Release|Any CPU.Build.0 = Release|Any CPU
		{10782686-B998-4E54-B2AF-86233C12355D}.Release|x86.ActiveCfg = Release|x86
		{10782686-B998-4E54-B2AF-86233C12355D}.Release|x86.Build.0 = Release|x86
		{FFB06C04-69CD-4B0D-872B-3FDF9EEC38C3}.Debug|Any CPU.ActiveCfg = Debug|Any CPU
		{FFB06C04-69CD-4B0D-872B-3FDF9EEC38C3}.Debug|Any CPU.Build.0 = Debug|Any CPU
		{FFB06C04-69CD-4B0D-872B-3FDF9EEC38C3}.Debug|x86.ActiveCfg = Debug|x86
		{FFB06C04-69CD-4B0D-872B-3FDF9EEC38C3}.Debug|x86.Build.0 = Debug|x86
		{FFB06C04-69CD-4B0D-872B-3FDF9EEC38C3}.Release|Any CPU.ActiveCfg = Release|Any CPU
		{FFB06C04-69CD-4B0D-872B-3FDF9EEC38C3}.Release|Any CPU.Build.0 = Release|Any CPU
		{FFB06C04-69CD-4B0D-872B-3FDF9EEC38C3}.Release|x86.ActiveCfg = Release|x86
		{FFB06C04-69CD-4B0D-872B-3FDF9EEC38C3}.Release|x86.Build.0 = Release|x86
		{61A793E1-3E99-4BDC-BC20-7298CA3E6849}.Debug|Any CPU.ActiveCfg = Debug|Any CPU
		{61A793E1-3E99-4BDC-BC20-7298CA3E6849}.Debug|Any CPU.Build.0 = Debug|Any CPU
		{61A793E1-3E99-4BDC-BC20-7298CA3E6849}.Debug|x86.ActiveCfg = Debug|x86
		{61A793E1-3E99-4BDC-BC20-7298CA3E6849}.Debug|x86.Build.0 = Debug|x86
		{61A793E1-3E99-4BDC-BC20-7298CA3E6849}.Release|Any CPU.ActiveCfg = Release|Any CPU
		{61A793E1-3E99-4BDC-BC20-7298CA3E6849}.Release|Any CPU.Build.0 = Release|Any CPU
		{61A793E1-3E99-4BDC-BC20-7298CA3E6849}.Release|x86.ActiveCfg = Release|x86
		{61A793E1-3E99-4BDC-BC20-7298CA3E6849}.Release|x86.Build.0 = Release|x86
		{B75BBB40-B7B1-4DA7-A05E-174EB22CF50E}.Debug|Any CPU.ActiveCfg = Debug|Any CPU
		{B75BBB40-B7B1-4DA7-A05E-174EB22CF50E}.Debug|Any CPU.Build.0 = Debug|Any CPU
		{B75BBB40-B7B1-4DA7-A05E-174EB22CF50E}.Debug|x86.ActiveCfg = Debug|Any CPU
		{B75BBB40-B7B1-4DA7-A05E-174EB22CF50E}.Debug|x86.Build.0 = Debug|Any CPU
		{B75BBB40-B7B1-4DA7-A05E-174EB22CF50E}.Release|Any CPU.ActiveCfg = Debug|Any CPU
		{B75BBB40-B7B1-4DA7-A05E-174EB22CF50E}.Release|Any CPU.Build.0 = Debug|Any CPU
		{B75BBB40-B7B1-4DA7-A05E-174EB22CF50E}.Release|x86.ActiveCfg = Debug|Any CPU
		{B75BBB40-B7B1-4DA7-A05E-174EB22CF50E}.Release|x86.Build.0 = Debug|Any CPU
	EndGlobalSection
	GlobalSection(SolutionProperties) = preSolution
		HideSolutionNode = FALSE
	EndGlobalSection
EndGlobal
