
Microsoft Visual Studio Solution File, Format Version 12.00
# Visual Studio 15
VisualStudioVersion = 15.0.26403.7
MinimumVisualStudioVersion = 10.0.40219.1
Project("{FAE04EC0-301F-11D3-BF4B-00C04F79EFBC}") = "BaiRong.Core", "BaiRong.Core\BaiRong.Core.csproj", "{3D8CB06B-1791-4685-AB56-965B9F41666E}"
EndProject
Project("{FAE04EC0-301F-11D3-BF4B-00C04F79EFBC}") = "SiteServer.CMS", "SiteServer.CMS\SiteServer.CMS.csproj", "{61A793E1-3E99-4BDC-BC20-7298CA3E0000}"
EndProject
Project("{FAE04EC0-301F-11D3-BF4B-00C04F79EFBC}") = "SiteServer.BackgroundPages", "SiteServer.BackgroundPages\SiteServer.BackgroundPages.csproj", "{61A793E1-3E99-4BDC-BC20-7298CA3E6699}"
EndProject
Project("{FAE04EC0-301F-11D3-BF4B-00C04F79EFBC}") = "SiteServe.API", "SiteServer.Web\SiteServe.API.csproj", "{10782686-B998-4E54-B2AF-86233C12355D}"
EndProject
Project("{FAE04EC0-301F-11D3-BF4B-00C04F79EFBC}") = "siteserver", "siteserver\siteserver.csproj", "{FFB06C04-69CD-4B0D-872B-3FDF9EEC38C3}"
EndProject
Project("{FAE04EC0-301F-11D3-BF4B-00C04F79EFBC}") = "SiteServer.Plugin", "SiteServer.Plugin\SiteServer.Plugin.csproj", "{8451ECDD-2EA4-4966-BB0A-7BBC40138E80}"
EndProject
Project("{2150E333-8FDC-42A3-9474-1A3956D46DE8}") = "Plugins", "Plugins", "{C867D1E7-BF63-414D-95B0-E5F890CF1B8C}"
EndProject
Project("{FAE04EC0-301F-11D3-BF4B-00C04F79EFBC}") = "SiteServer.Plugin.Oss", "Plugins\SiteServer.Plugin.Oss\SiteServer.Plugin.Oss.csproj", "{08FC9245-D193-42EF-BF3E-DCA2A6F75C13}"
EndProject
Project("{FAE04EC0-301F-11D3-BF4B-00C04F79EFBC}") = "SiteServer.Plugin.GovInteract", "Plugins\SiteServer.Plugin.GovInteract\SiteServer.Plugin.GovInteract.csproj", "{62C5F20F-54F2-42F5-BDD3-44C7BC4CC07D}"
EndProject
Project("{FAE04EC0-301F-11D3-BF4B-00C04F79EFBC}") = "SiteServer.Plugin.GovPublic", "Plugins\SiteServer.Plugin.GovPublic\SiteServer.Plugin.GovPublic.csproj", "{42515DC9-F121-45E7-BB8F-251316488A3C}"
EndProject
Project("{FAE04EC0-301F-11D3-BF4B-00C04F79EFBC}") = "SiteServer.Plugin.WeiXin", "Plugins\SiteServer.Plugin.WeiXin\SiteServer.Plugin.WeiXin.csproj", "{DB12831D-7C3B-4C19-BD66-9B3E4474D0AE}"
EndProject
Project("{FAE04EC0-301F-11D3-BF4B-00C04F79EFBC}") = "SiteServer.Plugin.Poll", "Plugins\SiteServer.Plugin.Poll\SiteServer.Plugin.Poll.csproj", "{CCB67ED0-E404-44D6-BB33-BD13AF80B5F6}"
EndProject
Global
	GlobalSection(SolutionConfigurationPlatforms) = preSolution
		Debug|Any CPU = Debug|Any CPU
		Debug|x86 = Debug|x86
		Release|Any CPU = Release|Any CPU
		Release|x86 = Release|x86
	EndGlobalSection
	GlobalSection(ProjectConfigurationPlatforms) = postSolution
		{3D8CB06B-1791-4685-AB56-965B9F41666E}.Debug|Any CPU.ActiveCfg = Debug|Any CPU
		{3D8CB06B-1791-4685-AB56-965B9F41666E}.Debug|Any CPU.Build.0 = Debug|Any CPU
		{3D8CB06B-1791-4685-AB56-965B9F41666E}.Debug|x86.ActiveCfg = Debug|x86
		{3D8CB06B-1791-4685-AB56-965B9F41666E}.Debug|x86.Build.0 = Debug|x86
		{3D8CB06B-1791-4685-AB56-965B9F41666E}.Release|Any CPU.ActiveCfg = Release|Any CPU
		{3D8CB06B-1791-4685-AB56-965B9F41666E}.Release|Any CPU.Build.0 = Release|Any CPU
		{3D8CB06B-1791-4685-AB56-965B9F41666E}.Release|x86.ActiveCfg = Release|x86
		{3D8CB06B-1791-4685-AB56-965B9F41666E}.Release|x86.Build.0 = Release|x86
		{61A793E1-3E99-4BDC-BC20-7298CA3E0000}.Debug|Any CPU.ActiveCfg = Debug|Any CPU
		{61A793E1-3E99-4BDC-BC20-7298CA3E0000}.Debug|Any CPU.Build.0 = Debug|Any CPU
		{61A793E1-3E99-4BDC-BC20-7298CA3E0000}.Debug|x86.ActiveCfg = Debug|x86
		{61A793E1-3E99-4BDC-BC20-7298CA3E0000}.Debug|x86.Build.0 = Debug|x86
		{61A793E1-3E99-4BDC-BC20-7298CA3E0000}.Release|Any CPU.ActiveCfg = Release|Any CPU
		{61A793E1-3E99-4BDC-BC20-7298CA3E0000}.Release|Any CPU.Build.0 = Release|Any CPU
		{61A793E1-3E99-4BDC-BC20-7298CA3E0000}.Release|x86.ActiveCfg = Release|x86
		{61A793E1-3E99-4BDC-BC20-7298CA3E0000}.Release|x86.Build.0 = Release|x86
		{61A793E1-3E99-4BDC-BC20-7298CA3E6699}.Debug|Any CPU.ActiveCfg = Debug|Any CPU
		{61A793E1-3E99-4BDC-BC20-7298CA3E6699}.Debug|Any CPU.Build.0 = Debug|Any CPU
		{61A793E1-3E99-4BDC-BC20-7298CA3E6699}.Debug|x86.ActiveCfg = Debug|x86
		{61A793E1-3E99-4BDC-BC20-7298CA3E6699}.Debug|x86.Build.0 = Debug|x86
		{61A793E1-3E99-4BDC-BC20-7298CA3E6699}.Release|Any CPU.ActiveCfg = Release|Any CPU
		{61A793E1-3E99-4BDC-BC20-7298CA3E6699}.Release|Any CPU.Build.0 = Release|Any CPU
		{61A793E1-3E99-4BDC-BC20-7298CA3E6699}.Release|x86.ActiveCfg = Release|x86
		{61A793E1-3E99-4BDC-BC20-7298CA3E6699}.Release|x86.Build.0 = Release|x86
		{10782686-B998-4E54-B2AF-86233C12355D}.Debug|Any CPU.ActiveCfg = Debug|Any CPU
		{10782686-B998-4E54-B2AF-86233C12355D}.Debug|Any CPU.Build.0 = Debug|Any CPU
		{10782686-B998-4E54-B2AF-86233C12355D}.Debug|x86.ActiveCfg = Debug|x86
		{10782686-B998-4E54-B2AF-86233C12355D}.Debug|x86.Build.0 = Debug|x86
		{10782686-B998-4E54-B2AF-86233C12355D}.Release|Any CPU.ActiveCfg = Release|Any CPU
		{10782686-B998-4E54-B2AF-86233C12355D}.Release|Any CPU.Build.0 = Release|Any CPU
		{10782686-B998-4E54-B2AF-86233C12355D}.Release|x86.ActiveCfg = Release|x86
		{10782686-B998-4E54-B2AF-86233C12355D}.Release|x86.Build.0 = Release|x86
		{FFB06C04-69CD-4B0D-872B-3FDF9EEC38C3}.Debug|Any CPU.ActiveCfg = Debug|Any CPU
		{FFB06C04-69CD-4B0D-872B-3FDF9EEC38C3}.Debug|Any CPU.Build.0 = Debug|Any CPU
		{FFB06C04-69CD-4B0D-872B-3FDF9EEC38C3}.Debug|x86.ActiveCfg = Debug|x86
		{FFB06C04-69CD-4B0D-872B-3FDF9EEC38C3}.Debug|x86.Build.0 = Debug|x86
		{FFB06C04-69CD-4B0D-872B-3FDF9EEC38C3}.Release|Any CPU.ActiveCfg = Release|Any CPU
		{FFB06C04-69CD-4B0D-872B-3FDF9EEC38C3}.Release|Any CPU.Build.0 = Release|Any CPU
		{FFB06C04-69CD-4B0D-872B-3FDF9EEC38C3}.Release|x86.ActiveCfg = Release|x86
		{FFB06C04-69CD-4B0D-872B-3FDF9EEC38C3}.Release|x86.Build.0 = Release|x86
		{8451ECDD-2EA4-4966-BB0A-7BBC40138E80}.Debug|Any CPU.ActiveCfg = Debug|Any CPU
		{8451ECDD-2EA4-4966-BB0A-7BBC40138E80}.Debug|Any CPU.Build.0 = Debug|Any CPU
		{8451ECDD-2EA4-4966-BB0A-7BBC40138E80}.Debug|x86.ActiveCfg = Debug|Any CPU
		{8451ECDD-2EA4-4966-BB0A-7BBC40138E80}.Debug|x86.Build.0 = Debug|Any CPU
		{8451ECDD-2EA4-4966-BB0A-7BBC40138E80}.Release|Any CPU.ActiveCfg = Release|Any CPU
		{8451ECDD-2EA4-4966-BB0A-7BBC40138E80}.Release|Any CPU.Build.0 = Release|Any CPU
		{8451ECDD-2EA4-4966-BB0A-7BBC40138E80}.Release|x86.ActiveCfg = Release|Any CPU
		{8451ECDD-2EA4-4966-BB0A-7BBC40138E80}.Release|x86.Build.0 = Release|Any CPU
		{08FC9245-D193-42EF-BF3E-DCA2A6F75C13}.Debug|Any CPU.ActiveCfg = Debug|Any CPU
		{08FC9245-D193-42EF-BF3E-DCA2A6F75C13}.Debug|Any CPU.Build.0 = Debug|Any CPU
		{08FC9245-D193-42EF-BF3E-DCA2A6F75C13}.Debug|x86.ActiveCfg = Debug|Any CPU
		{08FC9245-D193-42EF-BF3E-DCA2A6F75C13}.Debug|x86.Build.0 = Debug|Any CPU
		{08FC9245-D193-42EF-BF3E-DCA2A6F75C13}.Release|Any CPU.ActiveCfg = Release|Any CPU
		{08FC9245-D193-42EF-BF3E-DCA2A6F75C13}.Release|Any CPU.Build.0 = Release|Any CPU
		{08FC9245-D193-42EF-BF3E-DCA2A6F75C13}.Release|x86.ActiveCfg = Release|Any CPU
		{08FC9245-D193-42EF-BF3E-DCA2A6F75C13}.Release|x86.Build.0 = Release|Any CPU
		{62C5F20F-54F2-42F5-BDD3-44C7BC4CC07D}.Debug|Any CPU.ActiveCfg = Debug|Any CPU
		{62C5F20F-54F2-42F5-BDD3-44C7BC4CC07D}.Debug|Any CPU.Build.0 = Debug|Any CPU
		{62C5F20F-54F2-42F5-BDD3-44C7BC4CC07D}.Debug|x86.ActiveCfg = Debug|Any CPU
		{62C5F20F-54F2-42F5-BDD3-44C7BC4CC07D}.Debug|x86.Build.0 = Debug|Any CPU
		{62C5F20F-54F2-42F5-BDD3-44C7BC4CC07D}.Release|Any CPU.ActiveCfg = Release|Any CPU
		{62C5F20F-54F2-42F5-BDD3-44C7BC4CC07D}.Release|Any CPU.Build.0 = Release|Any CPU
		{62C5F20F-54F2-42F5-BDD3-44C7BC4CC07D}.Release|x86.ActiveCfg = Release|Any CPU
		{62C5F20F-54F2-42F5-BDD3-44C7BC4CC07D}.Release|x86.Build.0 = Release|Any CPU
		{42515DC9-F121-45E7-BB8F-251316488A3C}.Debug|Any CPU.ActiveCfg = Debug|Any CPU
		{42515DC9-F121-45E7-BB8F-251316488A3C}.Debug|Any CPU.Build.0 = Debug|Any CPU
		{42515DC9-F121-45E7-BB8F-251316488A3C}.Debug|x86.ActiveCfg = Debug|Any CPU
		{42515DC9-F121-45E7-BB8F-251316488A3C}.Debug|x86.Build.0 = Debug|Any CPU
		{42515DC9-F121-45E7-BB8F-251316488A3C}.Release|Any CPU.ActiveCfg = Release|Any CPU
		{42515DC9-F121-45E7-BB8F-251316488A3C}.Release|Any CPU.Build.0 = Release|Any CPU
		{42515DC9-F121-45E7-BB8F-251316488A3C}.Release|x86.ActiveCfg = Release|Any CPU
		{42515DC9-F121-45E7-BB8F-251316488A3C}.Release|x86.Build.0 = Release|Any CPU
		{DB12831D-7C3B-4C19-BD66-9B3E4474D0AE}.Debug|Any CPU.ActiveCfg = Debug|Any CPU
		{DB12831D-7C3B-4C19-BD66-9B3E4474D0AE}.Debug|Any CPU.Build.0 = Debug|Any CPU
		{DB12831D-7C3B-4C19-BD66-9B3E4474D0AE}.Debug|x86.ActiveCfg = Debug|Any CPU
		{DB12831D-7C3B-4C19-BD66-9B3E4474D0AE}.Debug|x86.Build.0 = Debug|Any CPU
		{DB12831D-7C3B-4C19-BD66-9B3E4474D0AE}.Release|Any CPU.ActiveCfg = Release|Any CPU
		{DB12831D-7C3B-4C19-BD66-9B3E4474D0AE}.Release|Any CPU.Build.0 = Release|Any CPU
		{DB12831D-7C3B-4C19-BD66-9B3E4474D0AE}.Release|x86.ActiveCfg = Release|Any CPU
		{DB12831D-7C3B-4C19-BD66-9B3E4474D0AE}.Release|x86.Build.0 = Release|Any CPU
		{CCB67ED0-E404-44D6-BB33-BD13AF80B5F6}.Debug|Any CPU.ActiveCfg = Debug|Any CPU
		{CCB67ED0-E404-44D6-BB33-BD13AF80B5F6}.Debug|Any CPU.Build.0 = Debug|Any CPU
		{CCB67ED0-E404-44D6-BB33-BD13AF80B5F6}.Debug|x86.ActiveCfg = Debug|Any CPU
		{CCB67ED0-E404-44D6-BB33-BD13AF80B5F6}.Debug|x86.Build.0 = Debug|Any CPU
		{CCB67ED0-E404-44D6-BB33-BD13AF80B5F6}.Release|Any CPU.ActiveCfg = Release|Any CPU
		{CCB67ED0-E404-44D6-BB33-BD13AF80B5F6}.Release|Any CPU.Build.0 = Release|Any CPU
		{CCB67ED0-E404-44D6-BB33-BD13AF80B5F6}.Release|x86.ActiveCfg = Release|Any CPU
		{CCB67ED0-E404-44D6-BB33-BD13AF80B5F6}.Release|x86.Build.0 = Release|Any CPU
	EndGlobalSection
	GlobalSection(SolutionProperties) = preSolution
		HideSolutionNode = FALSE
	EndGlobalSection
	GlobalSection(NestedProjects) = preSolution
		{08FC9245-D193-42EF-BF3E-DCA2A6F75C13} = {C867D1E7-BF63-414D-95B0-E5F890CF1B8C}
		{62C5F20F-54F2-42F5-BDD3-44C7BC4CC07D} = {C867D1E7-BF63-414D-95B0-E5F890CF1B8C}
		{42515DC9-F121-45E7-BB8F-251316488A3C} = {C867D1E7-BF63-414D-95B0-E5F890CF1B8C}
		{DB12831D-7C3B-4C19-BD66-9B3E4474D0AE} = {C867D1E7-BF63-414D-95B0-E5F890CF1B8C}
		{CCB67ED0-E404-44D6-BB33-BD13AF80B5F6} = {C867D1E7-BF63-414D-95B0-E5F890CF1B8C}
	EndGlobalSection
EndGlobal
